{
  "name": "bittorrent-dht",
  "version": "9.0.0",
  "lockfileVersion": 1,
  "requires": true,
  "dependencies": {
    "bencode": {
      "version": "file:../node-bencode",
      "requires": {
        "safe-buffer": "^5.1.1"
      },
      "dependencies": {
        "safe-buffer": {
          "version": "5.1.2",
          "bundled": true
        }
      }
    },
    "buffer-equals": {
      "version": "file:../buffer-equals"
    },
    "debug": {
      "version": "3.2.6",
      "resolved": "https://registry.npmjs.org/debug/-/debug-3.2.6.tgz",
      "integrity": "sha512-mel+jf7nrtEl5Pn1Qx46zARXKDpBbvzezse7p7LqINmdoIk8PYP5SySaxEmYv6TZ0JyEKA1hsCId6DIhgITtWQ==",
      "requires": {
        "ms": "^2.1.1"
      }
    },
    "ed25519-supercop": {
      "version": "1.2.0",
      "resolved": "https://registry.npmjs.org/ed25519-supercop/-/ed25519-supercop-1.2.0.tgz",
      "integrity": "sha512-B8+a+amyUR42xVSsxyX2vz9X6C8ny3Ip96PwY2SGMoJafoeTQ0pZROchedDcZZoovaNhGMjP7VRw910/4AGfIg==",
      "dev": true,
      "requires": {
        "nan": "^2.0.5",
        "node-gyp-build": "^3.3.0"
      }
    },
    "inherits": {
      "version": "file:../inherits"
    },
    "ip": {
      "version": "1.1.5",
      "resolved": "https://registry.npmjs.org/ip/-/ip-1.1.5.tgz",
      "integrity": "sha1-vd7XARQpCCjAoDnnLvJfWq7ENUo=",
      "dev": true
    },
    "k-bucket": {
      "version": "file:../k-bucket",
      "requires": {
        "randombytes": "file:../randombytes"
      },
      "dependencies": {
        "randombytes": {
          "version": "file:../randombytes",
          "bundled": true,
          "requires": {
            "safe-buffer": "file:../safe-buffer"
          },
          "dependencies": {
            "safe-buffer": {
              "version": "file:../safe-buffer",
              "bundled": true
            }
          }
        }
      }
    },
    "k-rpc": {
      "version": "file:../k-rpc",
      "requires": {
        "buffer-equals": "^1.0.3",
        "k-bucket": "^4.0.0",
        "k-rpc-socket": "^1.7.2",
        "randombytes": "^2.0.5",
        "safe-buffer": "^5.1.1"
      },
      "dependencies": {
        "bencode": {
          "version": "2.0.1",
          "bundled": true,
          "requires": {
            "safe-buffer": "^5.1.1"
          }
        },
        "buffer-equals": {
          "version": "1.0.4",
          "bundled": true
        },
        "inherits": {
          "version": "2.0.3",
          "bundled": true
        },
        "k-bucket": {
          "version": "4.0.1",
          "bundled": true,
          "requires": {
            "inherits": "^2.0.1",
            "randombytes": "^2.0.3"
          }
        },
        "k-rpc-socket": {
          "version": "1.8.0",
          "bundled": true,
          "requires": {
            "bencode": "^2.0.0",
            "buffer-equals": "^1.0.4",
            "safe-buffer": "^5.1.1"
          }
        },
        "randombytes": {
          "version": "2.1.0",
          "bundled": true,
          "requires": {
            "safe-buffer": "^5.1.0"
          }
        },
        "safe-buffer": {
          "version": "5.1.2",
          "bundled": true
        }
      }
    },
    "last-one-wins": {
      "version": "file:../last-one-wins"
    },
    "lru": {
      "version": "file:../lru",
      "requires": {
        "inherits": "^2.0.1"
      },
      "dependencies": {
        "inherits": {
          "version": "2.0.3",
          "bundled": true
        }
      }
    },
    "ms": {
      "version": "2.1.1",
      "resolved": "https://registry.npmjs.org/ms/-/ms-2.1.1.tgz",
      "integrity": "sha512-tgp+dl5cGk28utYktBsrFqA7HKgrhgPsg6Z/EfhWI4gl1Hwq8B/GmY/0oXZ6nF8hDVesS/FpnYaD/kOWhYQvyg=="
    },
    "nan": {
      "version": "2.14.0",
      "resolved": "https://registry.npmjs.org/nan/-/nan-2.14.0.tgz",
      "integrity": "sha512-INOFj37C7k3AfaNTtX8RhsTw7qRy7eLET14cROi9+5HAVbbHuIWUHEauBv5qT4Av2tWasiTY1Jw6puUNqRJXQg==",
      "dev": true
    },
    "node-gyp-build": {
      "version": "3.9.0",
      "resolved": "https://registry.npmjs.org/node-gyp-build/-/node-gyp-build-3.9.0.tgz",
      "integrity": "sha512-zLcTg6P4AbcHPq465ZMFNXx7XpKKJh+7kkN699NiQWisR2uWYOWNWqRHAmbnmKiL4e9aLSlmy5U7rEMUXV59+A==",
      "dev": true
    },
    "once": {
      "version": "1.4.0",
      "resolved": "https://registry.npmjs.org/once/-/once-1.4.0.tgz",
      "integrity": "sha1-WDsap3WWHUsROsF9nFC6753Xa9E=",
      "dev": true,
      "requires": {
        "wrappy": "1"
      }
    },
    "randombytes": {
      "version": "file:../randombytes",
      "requires": {
        "safe-buffer": "file:../safe-buffer"
      },
      "dependencies": {
        "safe-buffer": {
          "version": "file:../safe-buffer",
          "bundled": true
        }
      }
    },
    "record-cache": {
      "version": "file:../record-cache"
    },
    "run-parallel": {
      "version": "1.1.9",
      "resolved": "https://registry.npmjs.org/run-parallel/-/run-parallel-1.1.9.tgz",
      "integrity": "sha512-DEqnSRTDw/Tc3FXf49zedI638Z9onwUotBMiUFKmrO2sdFKIbXamXGQ3Axd4qgphxKB4kw/qP1w5kTxnfU1B9Q==",
      "dev": true
    },
    "safe-buffer": {
      "version": "file:../safe-buffer"
    },
    "simple-sha1": {
      "version": "file:../simple-sha1",
      "requires": {
        "rusha": "^0.8.1"
      },
      "dependencies": {
        "rusha": {
          "version": "0.8.13",
          "bundled": true
        }
      }
    },
    "standard": {
      "version": "file:../standard",
      "dev": true,
      "requires": {
        "eslint": "~5.16.0",
        "eslint-config-standard": "12.0.0",
        "eslint-config-standard-jsx": "6.0.2",
        "eslint-plugin-import": "~2.14.0",
        "eslint-plugin-node": "~7.0.1",
        "eslint-plugin-promise": "~4.0.0",
        "eslint-plugin-react": "~7.11.1",
        "eslint-plugin-standard": "~4.0.0",
        "standard-engine": "~10.0.0"
      },
      "dependencies": {
        "@babel/code-frame": {
          "version": "7.0.0",
          "bundled": true,
          "dev": true,
          "requires": {
            "@babel/highlight": "^7.0.0"
          }
        },
        "@babel/highlight": {
          "version": "7.0.0",
          "bundled": true,
          "dev": true,
          "requires": {
            "chalk": "^2.0.0",
            "esutils": "^2.0.2",
            "js-tokens": "^4.0.0"
          }
        },
        "acorn": {
          "version": "6.1.1",
          "bundled": true,
          "dev": true
        },
        "acorn-jsx": {
          "version": "5.0.1",
          "bundled": true,
          "dev": true
        },
        "ajv": {
          "version": "6.10.0",
          "bundled": true,
          "dev": true,
          "requires": {
            "fast-deep-equal": "^2.0.1",
            "fast-json-stable-stringify": "^2.0.0",
            "json-schema-traverse": "^0.4.1",
            "uri-js": "^4.2.2"
          }
        },
        "ansi-escapes": {
          "version": "3.2.0",
          "bundled": true,
          "dev": true
        },
        "ansi-regex": {
          "version": "3.0.0",
          "bundled": true,
          "dev": true
        },
        "ansi-styles": {
          "version": "3.2.1",
          "bundled": true,
          "dev": true,
          "requires": {
            "color-convert": "^1.9.0"
          }
        },
        "argparse": {
          "version": "1.0.10",
          "bundled": true,
          "dev": true,
          "requires": {
            "sprintf-js": "~1.0.2"
          }
        },
        "array-includes": {
          "version": "3.0.3",
          "bundled": true,
          "dev": true,
          "requires": {
            "define-properties": "^1.1.2",
            "es-abstract": "^1.7.0"
          }
        },
        "astral-regex": {
          "version": "1.0.0",
          "bundled": true,
          "dev": true
        },
        "balanced-match": {
          "version": "1.0.0",
          "bundled": true,
          "dev": true
        },
        "brace-expansion": {
          "version": "1.1.11",
          "bundled": true,
          "dev": true,
          "requires": {
            "balanced-match": "^1.0.0",
            "concat-map": "0.0.1"
          }
        },
        "callsites": {
          "version": "3.1.0",
          "bundled": true,
          "dev": true
        },
        "chalk": {
          "version": "2.4.2",
          "bundled": true,
          "dev": true,
          "requires": {
            "ansi-styles": "^3.2.1",
            "escape-string-regexp": "^1.0.5",
            "supports-color": "^5.3.0"
          }
        },
        "chardet": {
          "version": "0.7.0",
          "bundled": true,
          "dev": true
        },
        "cli-cursor": {
          "version": "2.1.0",
          "bundled": true,
          "dev": true,
          "requires": {
            "restore-cursor": "^2.0.0"
          }
        },
        "cli-width": {
          "version": "2.2.0",
          "bundled": true,
          "dev": true
        },
        "color-convert": {
          "version": "1.9.3",
          "bundled": true,
          "dev": true,
          "requires": {
            "color-name": "1.1.3"
          }
        },
        "color-name": {
          "version": "1.1.3",
          "bundled": true,
          "dev": true
        },
        "concat-map": {
          "version": "0.0.1",
          "bundled": true,
          "dev": true
        },
        "contains-path": {
          "version": "0.1.0",
          "bundled": true,
          "dev": true
        },
        "cross-spawn": {
          "version": "6.0.5",
          "bundled": true,
          "dev": true,
          "requires": {
            "nice-try": "^1.0.4",
            "path-key": "^2.0.1",
            "semver": "^5.5.0",
            "shebang-command": "^1.2.0",
            "which": "^1.2.9"
          }
        },
        "debug": {
          "version": "4.1.1",
          "bundled": true,
          "dev": true,
          "requires": {
            "ms": "^2.1.1"
          }
        },
        "debug-log": {
          "version": "1.0.1",
          "bundled": true,
          "dev": true
        },
        "deep-is": {
          "version": "0.1.3",
          "bundled": true,
          "dev": true
        },
        "define-properties": {
          "version": "1.1.3",
          "bundled": true,
          "dev": true,
          "requires": {
            "object-keys": "^1.0.12"
          }
        },
        "deglob": {
          "version": "3.1.0",
          "bundled": true,
          "dev": true,
          "requires": {
            "find-root": "^1.0.0",
            "glob": "^7.0.5",
            "ignore": "^5.0.0",
            "pkg-config": "^1.1.0",
            "run-parallel": "^1.1.2",
            "uniq": "^1.0.1"
          },
          "dependencies": {
            "ignore": {
              "version": "5.1.2",
              "bundled": true,
              "dev": true
            }
          }
        },
        "doctrine": {
          "version": "3.0.0",
          "bundled": true,
          "dev": true,
          "requires": {
            "esutils": "^2.0.2"
          }
        },
        "emoji-regex": {
          "version": "7.0.3",
          "bundled": true,
          "dev": true
        },
        "error-ex": {
          "version": "1.3.2",
          "bundled": true,
          "dev": true,
          "requires": {
            "is-arrayish": "^0.2.1"
          }
        },
        "es-abstract": {
          "version": "1.13.0",
          "bundled": true,
          "dev": true,
          "requires": {
            "es-to-primitive": "^1.2.0",
            "function-bind": "^1.1.1",
            "has": "^1.0.3",
            "is-callable": "^1.1.4",
            "is-regex": "^1.0.4",
            "object-keys": "^1.0.12"
          }
        },
        "es-to-primitive": {
          "version": "1.2.0",
          "bundled": true,
          "dev": true,
          "requires": {
            "is-callable": "^1.1.4",
            "is-date-object": "^1.0.1",
            "is-symbol": "^1.0.2"
          }
        },
        "escape-string-regexp": {
          "version": "1.0.5",
          "bundled": true,
          "dev": true
        },
        "eslint": {
          "version": "5.16.0",
          "bundled": true,
          "dev": true,
          "requires": {
            "@babel/code-frame": "^7.0.0",
            "ajv": "^6.9.1",
            "chalk": "^2.1.0",
            "cross-spawn": "^6.0.5",
            "debug": "^4.0.1",
            "doctrine": "^3.0.0",
            "eslint-scope": "^4.0.3",
            "eslint-utils": "^1.3.1",
            "eslint-visitor-keys": "^1.0.0",
            "espree": "^5.0.1",
            "esquery": "^1.0.1",
            "esutils": "^2.0.2",
            "file-entry-cache": "^5.0.1",
            "functional-red-black-tree": "^1.0.1",
            "glob": "^7.1.2",
            "globals": "^11.7.0",
            "ignore": "^4.0.6",
            "import-fresh": "^3.0.0",
            "imurmurhash": "^0.1.4",
            "inquirer": "^6.2.2",
            "js-yaml": "^3.13.0",
            "json-stable-stringify-without-jsonify": "^1.0.1",
            "levn": "^0.3.0",
            "lodash": "^4.17.11",
            "minimatch": "^3.0.4",
            "mkdirp": "^0.5.1",
            "natural-compare": "^1.4.0",
            "optionator": "^0.8.2",
            "path-is-inside": "^1.0.2",
            "progress": "^2.0.0",
            "regexpp": "^2.0.1",
            "semver": "^5.5.1",
            "strip-ansi": "^4.0.0",
            "strip-json-comments": "^2.0.1",
            "table": "^5.2.3",
            "text-table": "^0.2.0"
          }
        },
        "eslint-config-standard": {
          "version": "12.0.0",
          "bundled": true,
          "dev": true
        },
        "eslint-config-standard-jsx": {
          "version": "6.0.2",
          "bundled": true,
          "dev": true
        },
        "eslint-import-resolver-node": {
          "version": "0.3.2",
          "bundled": true,
          "dev": true,
          "requires": {
            "debug": "^2.6.9",
            "resolve": "^1.5.0"
          },
          "dependencies": {
            "debug": {
              "version": "2.6.9",
              "bundled": true,
              "dev": true,
              "requires": {
                "ms": "2.0.0"
              }
            },
            "ms": {
              "version": "2.0.0",
              "bundled": true,
              "dev": true
            }
          }
        },
        "eslint-module-utils": {
          "version": "2.4.0",
          "bundled": true,
          "dev": true,
          "requires": {
            "debug": "^2.6.8",
            "pkg-dir": "^2.0.0"
          },
          "dependencies": {
            "debug": {
              "version": "2.6.9",
              "bundled": true,
              "dev": true,
              "requires": {
                "ms": "2.0.0"
              }
            },
            "ms": {
              "version": "2.0.0",
              "bundled": true,
              "dev": true
            }
          }
        },
        "eslint-plugin-es": {
          "version": "1.4.0",
          "bundled": true,
          "dev": true,
          "requires": {
            "eslint-utils": "^1.3.0",
            "regexpp": "^2.0.1"
          }
        },
        "eslint-plugin-import": {
          "version": "2.14.0",
          "bundled": true,
          "dev": true,
          "requires": {
            "contains-path": "^0.1.0",
            "debug": "^2.6.8",
            "doctrine": "1.5.0",
            "eslint-import-resolver-node": "^0.3.1",
            "eslint-module-utils": "^2.2.0",
            "has": "^1.0.1",
            "lodash": "^4.17.4",
            "minimatch": "^3.0.3",
            "read-pkg-up": "^2.0.0",
            "resolve": "^1.6.0"
          },
          "dependencies": {
            "debug": {
              "version": "2.6.9",
              "bundled": true,
              "dev": true,
              "requires": {
                "ms": "2.0.0"
              }
            },
            "doctrine": {
              "version": "1.5.0",
              "bundled": true,
              "dev": true,
              "requires": {
                "esutils": "^2.0.2",
                "isarray": "^1.0.0"
              }
            },
            "ms": {
              "version": "2.0.0",
              "bundled": true,
              "dev": true
            }
          }
        },
        "eslint-plugin-node": {
          "version": "7.0.1",
          "bundled": true,
          "dev": true,
          "requires": {
            "eslint-plugin-es": "^1.3.1",
            "eslint-utils": "^1.3.1",
            "ignore": "^4.0.2",
            "minimatch": "^3.0.4",
            "resolve": "^1.8.1",
            "semver": "^5.5.0"
          }
        },
        "eslint-plugin-promise": {
          "version": "4.0.1",
          "bundled": true,
          "dev": true
        },
        "eslint-plugin-react": {
          "version": "7.11.1",
          "bundled": true,
          "dev": true,
          "requires": {
            "array-includes": "^3.0.3",
            "doctrine": "^2.1.0",
            "has": "^1.0.3",
            "jsx-ast-utils": "^2.0.1",
            "prop-types": "^15.6.2"
          },
          "dependencies": {
            "doctrine": {
              "version": "2.1.0",
              "bundled": true,
              "dev": true,
              "requires": {
                "esutils": "^2.0.2"
              }
            }
          }
        },
        "eslint-plugin-standard": {
          "version": "4.0.0",
          "bundled": true,
          "dev": true
        },
        "eslint-scope": {
          "version": "4.0.3",
          "bundled": true,
          "dev": true,
          "requires": {
            "esrecurse": "^4.1.0",
            "estraverse": "^4.1.1"
          }
        },
        "eslint-utils": {
          "version": "1.3.1",
          "bundled": true,
          "dev": true
        },
        "eslint-visitor-keys": {
          "version": "1.0.0",
          "bundled": true,
          "dev": true
        },
        "espree": {
          "version": "5.0.1",
          "bundled": true,
          "dev": true,
          "requires": {
            "acorn": "^6.0.7",
            "acorn-jsx": "^5.0.0",
            "eslint-visitor-keys": "^1.0.0"
          }
        },
        "esprima": {
          "version": "4.0.1",
          "bundled": true,
          "dev": true
        },
        "esquery": {
          "version": "1.0.1",
          "bundled": true,
          "dev": true,
          "requires": {
            "estraverse": "^4.0.0"
          }
        },
        "esrecurse": {
          "version": "4.2.1",
          "bundled": true,
          "dev": true,
          "requires": {
            "estraverse": "^4.1.0"
          }
        },
        "estraverse": {
          "version": "4.2.0",
          "bundled": true,
          "dev": true
        },
        "esutils": {
          "version": "2.0.2",
          "bundled": true,
          "dev": true
        },
        "external-editor": {
          "version": "3.0.3",
          "bundled": true,
          "dev": true,
          "requires": {
            "chardet": "^0.7.0",
            "iconv-lite": "^0.4.24",
            "tmp": "^0.0.33"
          }
        },
        "fast-deep-equal": {
          "version": "2.0.1",
          "bundled": true,
          "dev": true
        },
        "fast-json-stable-stringify": {
          "version": "2.0.0",
          "bundled": true,
          "dev": true
        },
        "fast-levenshtein": {
          "version": "2.0.6",
          "bundled": true,
          "dev": true
        },
        "figures": {
          "version": "2.0.0",
          "bundled": true,
          "dev": true,
          "requires": {
            "escape-string-regexp": "^1.0.5"
          }
        },
        "file-entry-cache": {
          "version": "5.0.1",
          "bundled": true,
          "dev": true,
          "requires": {
            "flat-cache": "^2.0.1"
          }
        },
        "find-root": {
          "version": "1.1.0",
          "bundled": true,
          "dev": true
        },
        "find-up": {
          "version": "2.1.0",
          "bundled": true,
          "dev": true,
          "requires": {
            "locate-path": "^2.0.0"
          }
        },
        "flat-cache": {
          "version": "2.0.1",
          "bundled": true,
          "dev": true,
          "requires": {
            "flatted": "^2.0.0",
            "rimraf": "2.6.3",
            "write": "1.0.3"
          }
        },
        "flatted": {
          "version": "2.0.0",
          "bundled": true,
          "dev": true
        },
        "fs.realpath": {
          "version": "1.0.0",
          "bundled": true,
          "dev": true
        },
        "function-bind": {
          "version": "1.1.1",
          "bundled": true,
          "dev": true
        },
        "functional-red-black-tree": {
          "version": "1.0.1",
          "bundled": true,
          "dev": true
        },
        "get-stdin": {
          "version": "6.0.0",
          "bundled": true,
          "dev": true
        },
        "glob": {
          "version": "7.1.4",
          "bundled": true,
          "dev": true,
          "requires": {
            "fs.realpath": "^1.0.0",
            "inflight": "^1.0.4",
            "inherits": "2",
            "minimatch": "^3.0.4",
            "once": "^1.3.0",
            "path-is-absolute": "^1.0.0"
          }
        },
        "globals": {
          "version": "11.12.0",
          "bundled": true,
          "dev": true
        },
        "graceful-fs": {
          "version": "4.1.15",
          "bundled": true,
          "dev": true
        },
        "has": {
          "version": "1.0.3",
          "bundled": true,
          "dev": true,
          "requires": {
            "function-bind": "^1.1.1"
          }
        },
        "has-flag": {
          "version": "3.0.0",
          "bundled": true,
          "dev": true
        },
        "has-symbols": {
          "version": "1.0.0",
          "bundled": true,
          "dev": true
        },
        "hosted-git-info": {
          "version": "2.7.1",
          "bundled": true,
          "dev": true
        },
        "iconv-lite": {
          "version": "0.4.24",
          "bundled": true,
          "dev": true,
          "requires": {
            "safer-buffer": ">= 2.1.2 < 3"
          }
        },
        "ignore": {
          "version": "4.0.6",
          "bundled": true,
          "dev": true
        },
        "import-fresh": {
          "version": "3.0.0",
          "bundled": true,
          "dev": true,
          "requires": {
            "parent-module": "^1.0.0",
            "resolve-from": "^4.0.0"
          }
        },
        "imurmurhash": {
          "version": "0.1.4",
          "bundled": true,
          "dev": true
        },
        "inflight": {
          "version": "1.0.6",
          "bundled": true,
          "dev": true,
          "requires": {
            "once": "^1.3.0",
            "wrappy": "1"
          }
        },
        "inherits": {
          "version": "2.0.3",
          "bundled": true,
          "dev": true
        },
        "inquirer": {
          "version": "6.3.1",
          "bundled": true,
          "dev": true,
          "requires": {
            "ansi-escapes": "^3.2.0",
            "chalk": "^2.4.2",
            "cli-cursor": "^2.1.0",
            "cli-width": "^2.0.0",
            "external-editor": "^3.0.3",
            "figures": "^2.0.0",
            "lodash": "^4.17.11",
            "mute-stream": "0.0.7",
            "run-async": "^2.2.0",
            "rxjs": "^6.4.0",
            "string-width": "^2.1.0",
            "strip-ansi": "^5.1.0",
            "through": "^2.3.6"
          },
          "dependencies": {
            "ansi-regex": {
              "version": "4.1.0",
              "bundled": true,
              "dev": true
            },
            "strip-ansi": {
              "version": "5.2.0",
              "bundled": true,
              "dev": true,
              "requires": {
                "ansi-regex": "^4.1.0"
              }
            }
          }
        },
        "is-arrayish": {
          "version": "0.2.1",
          "bundled": true,
          "dev": true
        },
        "is-callable": {
          "version": "1.1.4",
          "bundled": true,
          "dev": true
        },
        "is-date-object": {
          "version": "1.0.1",
          "bundled": true,
          "dev": true
        },
        "is-fullwidth-code-point": {
          "version": "2.0.0",
          "bundled": true,
          "dev": true
        },
        "is-promise": {
          "version": "2.1.0",
          "bundled": true,
          "dev": true
        },
        "is-regex": {
          "version": "1.0.4",
          "bundled": true,
          "dev": true,
          "requires": {
            "has": "^1.0.1"
          }
        },
        "is-symbol": {
          "version": "1.0.2",
          "bundled": true,
          "dev": true,
          "requires": {
            "has-symbols": "^1.0.0"
          }
        },
        "isarray": {
          "version": "1.0.0",
          "bundled": true,
          "dev": true
        },
        "isexe": {
          "version": "2.0.0",
          "bundled": true,
          "dev": true
        },
        "js-tokens": {
          "version": "4.0.0",
          "bundled": true,
          "dev": true
        },
        "js-yaml": {
          "version": "3.13.1",
          "bundled": true,
          "dev": true,
          "requires": {
            "argparse": "^1.0.7",
            "esprima": "^4.0.0"
          }
        },
        "json-parse-better-errors": {
          "version": "1.0.2",
          "bundled": true,
          "dev": true
        },
        "json-schema-traverse": {
          "version": "0.4.1",
          "bundled": true,
          "dev": true
        },
        "json-stable-stringify-without-jsonify": {
          "version": "1.0.1",
          "bundled": true,
          "dev": true
        },
        "jsx-ast-utils": {
          "version": "2.1.0",
          "bundled": true,
          "dev": true,
          "requires": {
            "array-includes": "^3.0.3"
          }
        },
        "levn": {
          "version": "0.3.0",
          "bundled": true,
          "dev": true,
          "requires": {
            "prelude-ls": "~1.1.2",
            "type-check": "~0.3.2"
          }
        },
        "load-json-file": {
          "version": "2.0.0",
          "bundled": true,
          "dev": true,
          "requires": {
            "graceful-fs": "^4.1.2",
            "parse-json": "^2.2.0",
            "pify": "^2.0.0",
            "strip-bom": "^3.0.0"
          }
        },
        "locate-path": {
          "version": "2.0.0",
          "bundled": true,
          "dev": true,
          "requires": {
            "p-locate": "^2.0.0",
            "path-exists": "^3.0.0"
          }
        },
        "lodash": {
          "version": "4.17.11",
          "bundled": true,
          "dev": true
        },
        "loose-envify": {
          "version": "1.4.0",
          "bundled": true,
          "dev": true,
          "requires": {
            "js-tokens": "^3.0.0 || ^4.0.0"
          }
        },
        "mimic-fn": {
          "version": "1.2.0",
          "bundled": true,
          "dev": true
        },
        "minimatch": {
          "version": "3.0.4",
          "bundled": true,
          "dev": true,
          "requires": {
            "brace-expansion": "^1.1.7"
          }
        },
        "minimist": {
          "version": "0.0.8",
          "bundled": true,
          "dev": true
        },
        "mkdirp": {
          "version": "0.5.1",
          "bundled": true,
          "dev": true,
          "requires": {
            "minimist": "0.0.8"
          }
        },
        "ms": {
          "version": "2.1.1",
          "bundled": true,
          "dev": true
        },
        "mute-stream": {
          "version": "0.0.7",
          "bundled": true,
          "dev": true
        },
        "natural-compare": {
          "version": "1.4.0",
          "bundled": true,
          "dev": true
        },
        "nice-try": {
          "version": "1.0.5",
          "bundled": true,
          "dev": true
        },
        "normalize-package-data": {
          "version": "2.5.0",
          "bundled": true,
          "dev": true,
          "requires": {
            "hosted-git-info": "^2.1.4",
            "resolve": "^1.10.0",
            "semver": "2 || 3 || 4 || 5",
            "validate-npm-package-license": "^3.0.1"
          }
        },
        "object-assign": {
          "version": "4.1.1",
          "bundled": true,
          "dev": true
        },
        "object-keys": {
          "version": "1.1.1",
          "bundled": true,
          "dev": true
        },
        "once": {
          "version": "1.4.0",
          "bundled": true,
          "dev": true,
          "requires": {
            "wrappy": "1"
          }
        },
        "onetime": {
          "version": "2.0.1",
          "bundled": true,
          "dev": true,
          "requires": {
            "mimic-fn": "^1.0.0"
          }
        },
        "optionator": {
          "version": "0.8.2",
          "bundled": true,
          "dev": true,
          "requires": {
            "deep-is": "~0.1.3",
            "fast-levenshtein": "~2.0.4",
            "levn": "~0.3.0",
            "prelude-ls": "~1.1.2",
            "type-check": "~0.3.2",
            "wordwrap": "~1.0.0"
          }
        },
        "os-tmpdir": {
          "version": "1.0.2",
          "bundled": true,
          "dev": true
        },
        "p-limit": {
          "version": "1.3.0",
          "bundled": true,
          "dev": true,
          "requires": {
            "p-try": "^1.0.0"
          }
        },
        "p-locate": {
          "version": "2.0.0",
          "bundled": true,
          "dev": true,
          "requires": {
            "p-limit": "^1.1.0"
          }
        },
        "p-try": {
          "version": "1.0.0",
          "bundled": true,
          "dev": true
        },
        "parent-module": {
          "version": "1.0.1",
          "bundled": true,
          "dev": true,
          "requires": {
            "callsites": "^3.0.0"
          }
        },
        "parse-json": {
          "version": "2.2.0",
          "bundled": true,
          "dev": true,
          "requires": {
            "error-ex": "^1.2.0"
          }
        },
        "path-exists": {
          "version": "3.0.0",
          "bundled": true,
          "dev": true
        },
        "path-is-absolute": {
          "version": "1.0.1",
          "bundled": true,
          "dev": true
        },
        "path-is-inside": {
          "version": "1.0.2",
          "bundled": true,
          "dev": true
        },
        "path-key": {
          "version": "2.0.1",
          "bundled": true,
          "dev": true
        },
        "path-parse": {
          "version": "1.0.6",
          "bundled": true,
          "dev": true
        },
        "path-type": {
          "version": "2.0.0",
          "bundled": true,
          "dev": true,
          "requires": {
            "pify": "^2.0.0"
          }
        },
        "pify": {
          "version": "2.3.0",
          "bundled": true,
          "dev": true
        },
        "pkg-conf": {
          "version": "2.1.0",
          "bundled": true,
          "dev": true,
          "requires": {
            "find-up": "^2.0.0",
            "load-json-file": "^4.0.0"
          },
          "dependencies": {
            "load-json-file": {
              "version": "4.0.0",
              "bundled": true,
              "dev": true,
              "requires": {
                "graceful-fs": "^4.1.2",
                "parse-json": "^4.0.0",
                "pify": "^3.0.0",
                "strip-bom": "^3.0.0"
              }
            },
            "parse-json": {
              "version": "4.0.0",
              "bundled": true,
              "dev": true,
              "requires": {
                "error-ex": "^1.3.1",
                "json-parse-better-errors": "^1.0.1"
              }
            },
            "pify": {
              "version": "3.0.0",
              "bundled": true,
              "dev": true
            }
          }
        },
        "pkg-config": {
          "version": "1.1.1",
          "bundled": true,
          "dev": true,
          "requires": {
            "debug-log": "^1.0.0",
            "find-root": "^1.0.0",
            "xtend": "^4.0.1"
          }
        },
        "pkg-dir": {
          "version": "2.0.0",
          "bundled": true,
          "dev": true,
          "requires": {
            "find-up": "^2.1.0"
          }
        },
        "prelude-ls": {
          "version": "1.1.2",
          "bundled": true,
          "dev": true
        },
        "progress": {
          "version": "2.0.3",
          "bundled": true,
          "dev": true
        },
        "prop-types": {
          "version": "15.7.2",
          "bundled": true,
          "dev": true,
          "requires": {
            "loose-envify": "^1.4.0",
            "object-assign": "^4.1.1",
            "react-is": "^16.8.1"
          }
        },
        "punycode": {
          "version": "2.1.1",
          "bundled": true,
          "dev": true
        },
        "react-is": {
          "version": "16.8.6",
          "bundled": true,
          "dev": true
        },
        "read-pkg": {
          "version": "2.0.0",
          "bundled": true,
          "dev": true,
          "requires": {
            "load-json-file": "^2.0.0",
            "normalize-package-data": "^2.3.2",
            "path-type": "^2.0.0"
          }
        },
        "read-pkg-up": {
          "version": "2.0.0",
          "bundled": true,
          "dev": true,
          "requires": {
            "find-up": "^2.0.0",
            "read-pkg": "^2.0.0"
          }
        },
        "regexpp": {
          "version": "2.0.1",
          "bundled": true,
          "dev": true
        },
        "resolve": {
          "version": "1.11.0",
          "bundled": true,
          "dev": true,
          "requires": {
            "path-parse": "^1.0.6"
          }
        },
        "resolve-from": {
          "version": "4.0.0",
          "bundled": true,
          "dev": true
        },
        "restore-cursor": {
          "version": "2.0.0",
          "bundled": true,
          "dev": true,
          "requires": {
            "onetime": "^2.0.0",
            "signal-exit": "^3.0.2"
          }
        },
        "rimraf": {
          "version": "2.6.3",
          "bundled": true,
          "dev": true,
          "requires": {
            "glob": "^7.1.3"
          }
        },
        "run-async": {
          "version": "2.3.0",
          "bundled": true,
          "dev": true,
          "requires": {
            "is-promise": "^2.1.0"
          }
        },
        "run-parallel": {
          "version": "1.1.9",
          "bundled": true,
          "dev": true
        },
        "rxjs": {
          "version": "6.5.2",
          "bundled": true,
          "dev": true,
          "requires": {
            "tslib": "^1.9.0"
          }
        },
        "safer-buffer": {
          "version": "2.1.2",
          "bundled": true,
          "dev": true
        },
        "semver": {
          "version": "5.7.0",
          "bundled": true,
          "dev": true
        },
        "shebang-command": {
          "version": "1.2.0",
          "bundled": true,
          "dev": true,
          "requires": {
            "shebang-regex": "^1.0.0"
          }
        },
        "shebang-regex": {
          "version": "1.0.0",
          "bundled": true,
          "dev": true
        },
        "signal-exit": {
          "version": "3.0.2",
          "bundled": true,
          "dev": true
        },
        "slice-ansi": {
          "version": "2.1.0",
          "bundled": true,
          "dev": true,
          "requires": {
            "ansi-styles": "^3.2.0",
            "astral-regex": "^1.0.0",
            "is-fullwidth-code-point": "^2.0.0"
          }
        },
        "spdx-correct": {
          "version": "3.1.0",
          "bundled": true,
          "dev": true,
          "requires": {
            "spdx-expression-parse": "^3.0.0",
            "spdx-license-ids": "^3.0.0"
          }
        },
        "spdx-exceptions": {
          "version": "2.2.0",
          "bundled": true,
          "dev": true
        },
        "spdx-expression-parse": {
          "version": "3.0.0",
          "bundled": true,
          "dev": true,
          "requires": {
            "spdx-exceptions": "^2.1.0",
            "spdx-license-ids": "^3.0.0"
          }
        },
        "spdx-license-ids": {
          "version": "3.0.4",
          "bundled": true,
          "dev": true
        },
        "sprintf-js": {
          "version": "1.0.3",
          "bundled": true,
          "dev": true
        },
        "standard-engine": {
          "version": "10.0.0",
          "bundled": true,
          "dev": true,
          "requires": {
            "deglob": "^3.0.0",
            "get-stdin": "^6.0.0",
            "minimist": "^1.1.0",
            "pkg-conf": "^2.0.0"
          },
          "dependencies": {
            "minimist": {
              "version": "1.2.0",
              "bundled": true,
              "dev": true
            }
          }
        },
        "string-width": {
          "version": "2.1.1",
          "bundled": true,
          "dev": true,
          "requires": {
            "is-fullwidth-code-point": "^2.0.0",
            "strip-ansi": "^4.0.0"
          }
        },
        "strip-ansi": {
          "version": "4.0.0",
          "bundled": true,
          "dev": true,
          "requires": {
            "ansi-regex": "^3.0.0"
          }
        },
        "strip-bom": {
          "version": "3.0.0",
          "bundled": true,
          "dev": true
        },
        "strip-json-comments": {
          "version": "2.0.1",
          "bundled": true,
          "dev": true
        },
        "supports-color": {
          "version": "5.5.0",
          "bundled": true,
          "dev": true,
          "requires": {
            "has-flag": "^3.0.0"
          }
        },
        "table": {
          "version": "5.4.0",
          "bundled": true,
          "dev": true,
          "requires": {
            "ajv": "^6.9.1",
            "lodash": "^4.17.11",
            "slice-ansi": "^2.1.0",
            "string-width": "^3.0.0"
          },
          "dependencies": {
            "ansi-regex": {
              "version": "4.1.0",
              "bundled": true,
              "dev": true
            },
            "string-width": {
              "version": "3.1.0",
              "bundled": true,
              "dev": true,
              "requires": {
                "emoji-regex": "^7.0.1",
                "is-fullwidth-code-point": "^2.0.0",
                "strip-ansi": "^5.1.0"
              }
            },
            "strip-ansi": {
              "version": "5.2.0",
              "bundled": true,
              "dev": true,
              "requires": {
                "ansi-regex": "^4.1.0"
              }
            }
          }
        },
        "text-table": {
          "version": "0.2.0",
          "bundled": true,
          "dev": true
        },
        "through": {
          "version": "2.3.8",
          "bundled": true,
          "dev": true
        },
        "tmp": {
          "version": "0.0.33",
          "bundled": true,
          "dev": true,
          "requires": {
            "os-tmpdir": "~1.0.2"
          }
        },
        "tslib": {
          "version": "1.9.3",
          "bundled": true,
          "dev": true
        },
        "type-check": {
          "version": "0.3.2",
          "bundled": true,
          "dev": true,
          "requires": {
            "prelude-ls": "~1.1.2"
          }
        },
        "uniq": {
          "version": "1.0.1",
          "bundled": true,
          "dev": true
        },
        "uri-js": {
          "version": "4.2.2",
          "bundled": true,
          "dev": true,
          "requires": {
            "punycode": "^2.1.0"
          }
        },
        "validate-npm-package-license": {
          "version": "3.0.4",
          "bundled": true,
          "dev": true,
          "requires": {
            "spdx-correct": "^3.0.0",
            "spdx-expression-parse": "^3.0.0"
          }
        },
        "which": {
          "version": "1.3.1",
          "bundled": true,
          "dev": true,
          "requires": {
            "isexe": "^2.0.0"
          }
        },
        "wordwrap": {
          "version": "1.0.0",
          "bundled": true,
          "dev": true
        },
        "wrappy": {
          "version": "1.0.2",
          "bundled": true,
          "dev": true
        },
        "write": {
          "version": "1.0.3",
          "bundled": true,
          "dev": true,
          "requires": {
            "mkdirp": "^0.5.1"
          }
        },
        "xtend": {
          "version": "4.0.1",
          "bundled": true,
          "dev": true
        }
      }
    },
    "tape": {
      "version": "file:../tape",
      "dev": true,
      "requires": {
        "deep-equal": "~1.0.1",
        "defined": "~1.0.0",
        "for-each": "~0.3.3",
        "function-bind": "~1.1.1",
        "glob": "~7.1.4",
        "has": "~1.0.3",
        "inherits": "~2.0.3",
        "minimist": "~1.2.0",
        "object-inspect": "~1.6.0",
        "resolve": "~1.10.1",
        "resumer": "~0.0.0",
        "string.prototype.trim": "~1.1.2",
        "through": "~2.3.8"
      },
      "dependencies": {
        "balanced-match": {
          "version": "1.0.0",
          "bundled": true,
          "dev": true
        },
        "brace-expansion": {
          "version": "1.1.11",
          "bundled": true,
          "dev": true,
          "requires": {
            "balanced-match": "^1.0.0",
            "concat-map": "0.0.1"
          }
        },
        "concat-map": {
          "version": "0.0.1",
          "bundled": true,
          "dev": true
        },
        "deep-equal": {
          "version": "1.0.1",
          "bundled": true,
          "dev": true
        },
        "define-properties": {
          "version": "1.1.3",
          "bundled": true,
          "dev": true,
          "requires": {
            "object-keys": "^1.0.12"
          }
        },
        "defined": {
          "version": "1.0.0",
          "bundled": true,
          "dev": true
        },
        "es-abstract": {
          "version": "1.13.0",
          "bundled": true,
          "dev": true,
          "requires": {
            "es-to-primitive": "^1.2.0",
            "function-bind": "^1.1.1",
            "has": "^1.0.3",
            "is-callable": "^1.1.4",
            "is-regex": "^1.0.4",
            "object-keys": "^1.0.12"
          }
        },
        "es-to-primitive": {
          "version": "1.2.0",
          "bundled": true,
          "dev": true,
          "requires": {
            "is-callable": "^1.1.4",
            "is-date-object": "^1.0.1",
            "is-symbol": "^1.0.2"
          }
        },
        "for-each": {
          "version": "0.3.3",
          "bundled": true,
          "dev": true,
          "requires": {
            "is-callable": "^1.1.3"
          }
        },
        "fs.realpath": {
          "version": "1.0.0",
          "bundled": true,
          "dev": true
        },
        "function-bind": {
          "version": "1.1.1",
          "bundled": true,
          "dev": true
        },
        "glob": {
          "version": "7.1.4",
          "bundled": true,
          "dev": true,
          "requires": {
            "fs.realpath": "^1.0.0",
            "inflight": "^1.0.4",
            "inherits": "2",
            "minimatch": "^3.0.4",
            "once": "^1.3.0",
            "path-is-absolute": "^1.0.0"
          }
        },
        "has": {
          "version": "1.0.3",
          "bundled": true,
          "dev": true,
          "requires": {
            "function-bind": "^1.1.1"
          }
        },
        "has-symbols": {
          "version": "1.0.0",
          "bundled": true,
          "dev": true
        },
        "inflight": {
          "version": "1.0.6",
          "bundled": true,
          "dev": true,
          "requires": {
            "once": "^1.3.0",
            "wrappy": "1"
          }
        },
        "inherits": {
          "version": "2.0.3",
          "bundled": true,
          "dev": true
        },
        "is-callable": {
          "version": "1.1.4",
          "bundled": true,
          "dev": true
        },
        "is-date-object": {
          "version": "1.0.1",
          "bundled": true,
          "dev": true
        },
        "is-regex": {
          "version": "1.0.4",
          "bundled": true,
          "dev": true,
          "requires": {
            "has": "^1.0.1"
          }
        },
        "is-symbol": {
          "version": "1.0.2",
          "bundled": true,
          "dev": true,
          "requires": {
            "has-symbols": "^1.0.0"
          }
        },
        "minimatch": {
          "version": "3.0.4",
          "bundled": true,
          "dev": true,
          "requires": {
            "brace-expansion": "^1.1.7"
          }
        },
        "minimist": {
          "version": "1.2.0",
          "bundled": true,
          "dev": true
        },
        "object-inspect": {
          "version": "1.6.0",
          "bundled": true,
          "dev": true
        },
        "object-keys": {
          "version": "1.1.1",
          "bundled": true,
          "dev": true
        },
        "once": {
          "version": "1.4.0",
          "bundled": true,
          "dev": true,
          "requires": {
            "wrappy": "1"
          }
        },
        "path-is-absolute": {
          "version": "1.0.1",
          "bundled": true,
          "dev": true
        },
        "path-parse": {
          "version": "1.0.6",
          "bundled": true,
          "dev": true
        },
        "resolve": {
          "version": "1.10.1",
          "bundled": true,
          "dev": true,
          "requires": {
            "path-parse": "^1.0.6"
          }
        },
        "resumer": {
          "version": "0.0.0",
          "bundled": true,
          "dev": true,
          "requires": {
            "through": "~2.3.4"
          }
        },
        "string.prototype.trim": {
          "version": "1.1.2",
          "bundled": true,
          "dev": true,
          "requires": {
            "define-properties": "^1.1.2",
            "es-abstract": "^1.5.0",
            "function-bind": "^1.0.2"
          }
        },
        "through": {
          "version": "2.3.8",
          "bundled": true,
          "dev": true
        },
        "wrappy": {
          "version": "1.0.2",
          "bundled": true,
          "dev": true
        }
      }
    },
    "wrappy": {
      "version": "1.0.2",
      "resolved": "https://registry.npmjs.org/wrappy/-/wrappy-1.0.2.tgz",
      "integrity": "sha1-tSQ9jz7BqjXxNkYFvA0QNuMKtp8=",
      "dev": true
    }
  }
}
